
Microsoft Visual Studio Solution File, Format Version 12.00
# Visual Studio 2012
Project("{FAE04EC0-301F-11D3-BF4B-00C04F79EFBC}") = "GrayScale", "GrayScale.csproj", "{50906615-50D9-45E4-9850-383FD5C29B4F}"
EndProject
Global
	GlobalSection(SolutionConfigurationPlatforms) = preSolution
		Debug|Any CPU = Debug|Any CPU
		Release|Any CPU = Release|Any CPU
	EndGlobalSection
	GlobalSection(ProjectConfigurationPlatforms) = postSolution
		{50906615-50D9-45E4-9850-383FD5C29B4F}.Debug|Any CPU.ActiveCfg = Debug|Any CPU
		{50906615-50D9-45E4-9850-383FD5C29B4F}.Debug|Any CPU.Build.0 = Debug|Any CPU
		{50906615-50D9-45E4-9850-383FD5C29B4F}.Release|Any CPU.ActiveCfg = Release|Any CPU
		{50906615-50D9-45E4-9850-383FD5C29B4F}.Release|Any CPU.Build.0 = Release|Any CPU
	EndGlobalSection
	GlobalSection(SolutionProperties) = preSolution
		HideSolutionNode = FALSE
	EndGlobalSection
EndGlobal
